{
  "name": "react-gutenberg",
  "version": "0.4.0",
  "lockfileVersion": 1,
  "requires": true,
  "dependencies": {
    "@types/jest": {
      "version": "24.0.13",
      "resolved": "https://registry.npmjs.org/@types/jest/-/jest-24.0.13.tgz",
      "integrity": "sha512-3m6RPnO35r7Dg+uMLj1+xfZaOgIHHHut61djNjzwExXN4/Pm9has9C6I1KMYSfz7mahDhWUOVg4HW/nZdv5Pww==",
      "requires": {
        "@types/jest-diff": "*"
      }
    },
    "@types/jest-diff": {
      "version": "20.0.1",
      "resolved": "https://registry.npmjs.org/@types/jest-diff/-/jest-diff-20.0.1.tgz",
      "integrity": "sha512-yALhelO3i0hqZwhjtcr6dYyaLoCHbAMshwtj6cGxTvHZAKXHsYGdff6E8EPw3xLKY0ELUTQ69Q1rQiJENnccMA=="
    },
    "@types/node": {
      "version": "12.0.2",
      "resolved": "https://registry.npmjs.org/@types/node/-/node-12.0.2.tgz",
      "integrity": "sha512-5tabW/i+9mhrfEOUcLDu2xBPsHJ+X5Orqy9FKpale3SjDA17j5AEpYq5vfy3oAeAHGcvANRCO3NV3d2D6q3NiA=="
    },
    "@types/prop-types": {
      "version": "15.7.1",
      "resolved": "https://registry.npmjs.org/@types/prop-types/-/prop-types-15.7.1.tgz",
      "integrity": "sha512-CFzn9idOEpHrgdw8JsoTkaDDyRWk1jrzIV8djzcgpq0y9tG4B4lFT+Nxh52DVpDXV+n4+NPNv7M1Dj5uMp6XFg=="
    },
    "@types/react": {
      "version": "16.8.18",
      "resolved": "https://registry.npmjs.org/@types/react/-/react-16.8.18.tgz",
      "integrity": "sha512-lUXdKzRqWR4FebR5tGHkLCqnvQJS4fdXKCBrNGGbglqZg2gpU+J82pMONevQODUotATs9fc9k66bx3/St8vReg==",
      "requires": {
        "@types/prop-types": "*",
        "csstype": "^2.2.0"
      }
    },
    "@types/react-dom": {
      "version": "16.8.4",
      "resolved": "https://registry.npmjs.org/@types/react-dom/-/react-dom-16.8.4.tgz",
      "integrity": "sha512-eIRpEW73DCzPIMaNBDP5pPIpK1KXyZwNgfxiVagb5iGiz6da+9A5hslSX6GAQKdO7SayVCS/Fr2kjqprgAvkfA==",
      "requires": {
        "@types/react": "*"
      }
    },
    "csstype": {
      "version": "2.6.5",
      "resolved": "https://registry.npmjs.org/csstype/-/csstype-2.6.5.tgz",
      "integrity": "sha512-JsTaiksRsel5n7XwqPAfB0l3TFKdpjW/kgAELf9vrb5adGA7UCPLajKK5s3nFrcFm3Rkyp/Qkgl73ENc1UY3cA=="
    }
  }
}
